{
    "name": "libparsec_bindings_electron",
    "version": "0.1.0",
    "lockfileVersion": 2,
    "requires": true,
    "packages": {
        "": {
            "name": "libparsec_bindings_electron",
            "version": "0.1.0",
            "dependencies": {
                "cargo-cp-artifact": "^0.1.8"
            }
        },
        "node_modules/cargo-cp-artifact": {
            "version": "0.1.8",
            "resolved": "https://registry.npmjs.org/cargo-cp-artifact/-/cargo-cp-artifact-0.1.8.tgz",
            "integrity": "sha512-3j4DaoTrsCD1MRkTF2Soacii0Nx7UHCce0EwUf4fHnggwiE4fbmF2AbnfzayR36DF8KGadfh7M/Yfy625kgPlA==",
            "bin": {
                "cargo-cp-artifact": "bin/cargo-cp-artifact.js"
            }
        }
    },
    "dependencies": {
        "cargo-cp-artifact": {
            "version": "0.1.8",
            "resolved": "https://registry.npmjs.org/cargo-cp-artifact/-/cargo-cp-artifact-0.1.8.tgz",
            "integrity": "sha512-3j4DaoTrsCD1MRkTF2Soacii0Nx7UHCce0EwUf4fHnggwiE4fbmF2AbnfzayR36DF8KGadfh7M/Yfy625kgPlA=="
        }
    }
}
