{
    "name": "libparsec_bindings_web",
    "version": "3.8.2-a.0.dev.20548+2a41275",
    "lockfileVersion": 3,
    "requires": true,
    "packages": {
        "": {
            "name": "libparsec_bindings_web",
            "version": "3.8.2-a.0.dev.20548+2a41275",
            "license": "BUSL-1.1"
        }
    }
}
