{
    "name": "libparsec_bindings_web",
    "version": "3.4.1-a.0.dev.20280+1e260f5",
    "lockfileVersion": 3,
    "requires": true,
    "packages": {
        "": {
            "name": "libparsec_bindings_web",
            "version": "3.4.1-a.0.dev.20280+1e260f5",
            "license": "BUSL-1.1"
        }
    }
}
