Microsoft Visual Studio Solution File, Format Version 12.00
# Visual Studio Version 17
VisualStudioVersion = 17.3.32929.385
MinimumVisualStudioVersion = 10.0.40219.1
Project("{8BC9CEB8-8B4A-11D0-8D11-00A0C91BC942}") = "refresh-icon-handler", "refresh-icon-handler\refresh-icon-handler.vcxproj", "{AA6D0993-3750-4AEF-BC47-A0DF3C453E27}"
EndProject
Project("{8BC9CEB8-8B4A-11D0-8D11-00A0C91BC942}") = "check-icon-handler", "check-icon-handler\check-icon-handler.vcxproj", "{F1D8C84E-393B-4703-8AD8-3B916591D2D3}"
EndProject
Global
	GlobalSection(SolutionConfigurationPlatforms) = preSolution
		Debug|x64 = Debug|x64
		Debug|x86 = Debug|x86
		Release|x64 = Release|x64
		Release|x86 = Release|x86
	EndGlobalSection
	GlobalSection(ProjectConfigurationPlatforms) = postSolution
		{AA6D0993-3750-4AEF-BC47-A0DF3C453E27}.Debug|x64.ActiveCfg = Debug|x64
		{AA6D0993-3750-4AEF-BC47-A0DF3C453E27}.Debug|x64.Build.0 = Debug|x64
		{AA6D0993-3750-4AEF-BC47-A0DF3C453E27}.Debug|x86.ActiveCfg = Debug|Win32
		{AA6D0993-3750-4AEF-BC47-A0DF3C453E27}.Debug|x86.Build.0 = Debug|Win32
		{AA6D0993-3750-4AEF-BC47-A0DF3C453E27}.Release|x64.ActiveCfg = Release|x64
		{AA6D0993-3750-4AEF-BC47-A0DF3C453E27}.Release|x64.Build.0 = Release|x64
		{AA6D0993-3750-4AEF-BC47-A0DF3C453E27}.Release|x86.ActiveCfg = Release|Win32
		{AA6D0993-3750-4AEF-BC47-A0DF3C453E27}.Release|x86.Build.0 = Release|Win32
		{F1D8C84E-393B-4703-8AD8-3B916591D2D3}.Debug|x64.ActiveCfg = Debug|x64
		{F1D8C84E-393B-4703-8AD8-3B916591D2D3}.Debug|x64.Build.0 = Debug|x64
		{F1D8C84E-393B-4703-8AD8-3B916591D2D3}.Debug|x86.ActiveCfg = Debug|Win32
		{F1D8C84E-393B-4703-8AD8-3B916591D2D3}.Debug|x86.Build.0 = Debug|Win32
		{F1D8C84E-393B-4703-8AD8-3B916591D2D3}.Release|x64.ActiveCfg = Release|x64
		{F1D8C84E-393B-4703-8AD8-3B916591D2D3}.Release|x64.Build.0 = Release|x64
		{F1D8C84E-393B-4703-8AD8-3B916591D2D3}.Release|x86.ActiveCfg = Release|Win32
		{F1D8C84E-393B-4703-8AD8-3B916591D2D3}.Release|x86.Build.0 = Release|Win32
	EndGlobalSection
	GlobalSection(SolutionProperties) = preSolution
		HideSolutionNode = FALSE
	EndGlobalSection
	GlobalSection(ExtensibilityGlobals) = postSolution
		SolutionGuid = {092E9900-F678-4F92-BE86-B428E976BF6A}
	EndGlobalSection
EndGlobal
